
Microsoft Visual Studio Solution File, Format Version 12.00
# Visual Studio 14
VisualStudioVersion = 14.0.25123.0
MinimumVisualStudioVersion = 10.0.40219.1
Project("{FAE04EC0-301F-11D3-BF4B-00C04F79EFBC}") = "MakaleWeb", "MakaleWeb\MakaleWeb.csproj", "{357B559E-28B0-4D05-8646-C41DEF4F4E5A}"
EndProject
Project("{FAE04EC0-301F-11D3-BF4B-00C04F79EFBC}") = "MakaleWeb.BusinessLayer", "MakaleWeb.BusinessLayer\MakaleWeb.BusinessLayer.csproj", "{11B2545D-E336-4569-8783-BDBD24B42649}"
EndProject
Project("{FAE04EC0-301F-11D3-BF4B-00C04F79EFBC}") = "MakaleWeb.DataAccessLayer", "MakaleWeb.DataAccessLayer\MakaleWeb.DataAccessLayer.csproj", "{C828481F-7006-49F0-A91E-337FB597B6BD}"
EndProject
Project("{FAE04EC0-301F-11D3-BF4B-00C04F79EFBC}") = "MakaleWeb.Entities", "MakaleWeb.Entities\MakaleWeb.Entities.csproj", "{DDB650DD-C17C-4191-B973-EC2D67A2051F}"
EndProject
Global
	GlobalSection(SolutionConfigurationPlatforms) = preSolution
		Debug|Any CPU = Debug|Any CPU
		Release|Any CPU = Release|Any CPU
	EndGlobalSection
	GlobalSection(ProjectConfigurationPlatforms) = postSolution
		{357B559E-28B0-4D05-8646-C41DEF4F4E5A}.Debug|Any CPU.ActiveCfg = Debug|Any CPU
		{357B559E-28B0-4D05-8646-C41DEF4F4E5A}.Debug|Any CPU.Build.0 = Debug|Any CPU
		{357B559E-28B0-4D05-8646-C41DEF4F4E5A}.Release|Any CPU.ActiveCfg = Release|Any CPU
		{357B559E-28B0-4D05-8646-C41DEF4F4E5A}.Release|Any CPU.Build.0 = Release|Any CPU
		{11B2545D-E336-4569-8783-BDBD24B42649}.Debug|Any CPU.ActiveCfg = Debug|Any CPU
		{11B2545D-E336-4569-8783-BDBD24B42649}.Debug|Any CPU.Build.0 = Debug|Any CPU
		{11B2545D-E336-4569-8783-BDBD24B42649}.Release|Any CPU.ActiveCfg = Release|Any CPU
		{11B2545D-E336-4569-8783-BDBD24B42649}.Release|Any CPU.Build.0 = Release|Any CPU
		{C828481F-7006-49F0-A91E-337FB597B6BD}.Debug|Any CPU.ActiveCfg = Debug|Any CPU
		{C828481F-7006-49F0-A91E-337FB597B6BD}.Debug|Any CPU.Build.0 = Debug|Any CPU
		{C828481F-7006-49F0-A91E-337FB597B6BD}.Release|Any CPU.ActiveCfg = Release|Any CPU
		{C828481F-7006-49F0-A91E-337FB597B6BD}.Release|Any CPU.Build.0 = Release|Any CPU
		{DDB650DD-C17C-4191-B973-EC2D67A2051F}.Debug|Any CPU.ActiveCfg = Debug|Any CPU
		{DDB650DD-C17C-4191-B973-EC2D67A2051F}.Debug|Any CPU.Build.0 = Debug|Any CPU
		{DDB650DD-C17C-4191-B973-EC2D67A2051F}.Release|Any CPU.ActiveCfg = Release|Any CPU
		{DDB650DD-C17C-4191-B973-EC2D67A2051F}.Release|Any CPU.Build.0 = Release|Any CPU
	EndGlobalSection
	GlobalSection(SolutionProperties) = preSolution
		HideSolutionNode = FALSE
	EndGlobalSection
EndGlobal
